
Microsoft Visual Studio Solution File, Format Version 12.00
# Visual Studio Version 17
VisualStudioVersion = 17.11.35312.102
MinimumVisualStudioVersion = 10.0.40219.1
Project("{FAE04EC0-301F-11D3-BF4B-00C04F79EFBC}") = "TCP Server", "TCP Server\TCP Server.csproj", "{DB2A65B0-ADC8-483D-A7AD-452429AD0DCB}"
EndProject
Project("{FAE04EC0-301F-11D3-BF4B-00C04F79EFBC}") = "TCP Server (JSON)", "TCP Server (JSON)\TCP Server (JSON).csproj", "{F6EB323D-4EDB-42AB-B159-FBEDF59EF7A3}"
EndProject
Global
	GlobalSection(SolutionConfigurationPlatforms) = preSolution
		Debug|Any CPU = Debug|Any CPU
		Release|Any CPU = Release|Any CPU
	EndGlobalSection
	GlobalSection(ProjectConfigurationPlatforms) = postSolution
		{DB2A65B0-ADC8-483D-A7AD-452429AD0DCB}.Debug|Any CPU.ActiveCfg = Debug|Any CPU
		{DB2A65B0-ADC8-483D-A7AD-452429AD0DCB}.Debug|Any CPU.Build.0 = Debug|Any CPU
		{DB2A65B0-ADC8-483D-A7AD-452429AD0DCB}.Release|Any CPU.ActiveCfg = Release|Any CPU
		{DB2A65B0-ADC8-483D-A7AD-452429AD0DCB}.Release|Any CPU.Build.0 = Release|Any CPU
		{F6EB323D-4EDB-42AB-B159-FBEDF59EF7A3}.Debug|Any CPU.ActiveCfg = Debug|Any CPU
		{F6EB323D-4EDB-42AB-B159-FBEDF59EF7A3}.Debug|Any CPU.Build.0 = Debug|Any CPU
		{F6EB323D-4EDB-42AB-B159-FBEDF59EF7A3}.Release|Any CPU.ActiveCfg = Release|Any CPU
		{F6EB323D-4EDB-42AB-B159-FBEDF59EF7A3}.Release|Any CPU.Build.0 = Release|Any CPU
	EndGlobalSection
	GlobalSection(SolutionProperties) = preSolution
		HideSolutionNode = FALSE
	EndGlobalSection
	GlobalSection(ExtensibilityGlobals) = postSolution
		SolutionGuid = {20ACC6D0-50B8-4535-B531-639648C24A0B}
	EndGlobalSection
EndGlobal
